{
  "originHash" : "97cf1912cb6223cdafa20933980bebf75234b26888421b50b6646400bece1d4c",
  "pins" : [
    {
      "identity" : "sparkle",
      "kind" : "remoteSourceControl",
      "location" : "https://github.com/sparkle-project/Sparkle",
      "state" : {
        "revision" : "1d5611a1250a3c835cba39cf33cff1cc229eb50c",
        "version" : "2.9.4"
      }
    }
  ],
  "version" : 3
}
